
Microsoft Visual Studio Solution File, Format Version 12.00
# Visual Studio 15
VisualStudioVersion = 15.0.28307.271
MinimumVisualStudioVersion = 10.0.40219.1
Project("{FAE04EC0-301F-11D3-BF4B-00C04F79EFBC}") = "Curiosity.Player.Server.Net", "Curiosity.Player.Server.Net\Curiosity.Player.Server.Net.csproj", "{76BBCCE5-0E48-4AA0-9903-28474F2E5845}"
EndProject
Global
	GlobalSection(SolutionConfigurationPlatforms) = preSolution
		Debug|Any CPU = Debug|Any CPU
		Release|Any CPU = Release|Any CPU
	EndGlobalSection
	GlobalSection(ProjectConfigurationPlatforms) = postSolution
		{76BBCCE5-0E48-4AA0-9903-28474F2E5845}.Debug|Any CPU.ActiveCfg = Debug|Any CPU
		{76BBCCE5-0E48-4AA0-9903-28474F2E5845}.Debug|Any CPU.Build.0 = Debug|Any CPU
		{76BBCCE5-0E48-4AA0-9903-28474F2E5845}.Release|Any CPU.ActiveCfg = Release|Any CPU
		{76BBCCE5-0E48-4AA0-9903-28474F2E5845}.Release|Any CPU.Build.0 = Release|Any CPU
	EndGlobalSection
	GlobalSection(SolutionProperties) = preSolution
		HideSolutionNode = FALSE
	EndGlobalSection
	GlobalSection(ExtensibilityGlobals) = postSolution
		SolutionGuid = {A6BF9D65-8D38-41F5-A66B-FA70A9948BA6}
	EndGlobalSection
EndGlobal
