
Microsoft Visual Studio Solution File, Format Version 12.00
# Visual Studio Version 17
VisualStudioVersion = 17.0.31903.59
MinimumVisualStudioVersion = 10.0.40219.1
Project("{2150E333-8FDC-42A3-9474-1A3956D46DE8}") = "_Dependancies", "_Dependancies", "{D9F07760-D804-47DE-98A7-BC5E47182A47}"
	ProjectSection(SolutionItems) = preProject
		_Dependancies\Newtonsoft.Json.dll = _Dependancies\Newtonsoft.Json.dll
		_Dependancies\Newtonsoft.Json.net.dll = _Dependancies\Newtonsoft.Json.net.dll
	EndProjectSection
EndProject
Project("{2150E333-8FDC-42A3-9474-1A3956D46DE8}") = "Client", "Client", "{EF02F259-FF7B-41FB-8B0C-6A72DD1441E6}"
EndProject
Project("{2150E333-8FDC-42A3-9474-1A3956D46DE8}") = "Server", "Server", "{6CA7B9F3-882C-42D2-B81B-9D7AAA6C4B46}"
EndProject
Project("{2150E333-8FDC-42A3-9474-1A3956D46DE8}") = "GHMattiMySQL", "GHMattiMySQL", "{5AE38E6D-71AE-4964-AC70-D530AF1E97A5}"
	ProjectSection(SolutionItems) = preProject
		_Dependancies\server\GHMattiMySQL\GHMattiMySQL.net.dll = _Dependancies\server\GHMattiMySQL\GHMattiMySQL.net.dll
		_Dependancies\server\GHMattiMySQL\settings.xml = _Dependancies\server\GHMattiMySQL\settings.xml
		_Dependancies\server\GHMattiMySQL\__resource.lua = _Dependancies\server\GHMattiMySQL\__resource.lua
	EndProjectSection
EndProject
Project("{2150E333-8FDC-42A3-9474-1A3956D46DE8}") = "zThirdParty", "zThirdParty", "{66CABDB7-46FF-4765-9C20-99EDC8282923}"
EndProject
Project("{2150E333-8FDC-42A3-9474-1A3956D46DE8}") = "DiscordBot", "DiscordBot", "{B408851E-C7C4-4CF2-B9C2-D7762399DE8C}"
EndProject
Project("{9A19103F-16F7-4668-BE54-9A1E7A4F7556}") = "Curiosity.LifeV.Bot", "Curiosity.Discord.Bot\Curiosity.LifeV.Bot.csproj", "{B539301D-A1E5-4F83-8D77-557C853EC742}"
EndProject
Project("{FAE04EC0-301F-11D3-BF4B-00C04F79EFBC}") = "FiveM-MySQL", "FiveM-MySQL\FiveM-MySQL\FiveM-MySQL.csproj", "{CF04E9FA-50C4-469A-9619-5ACECE2BE099}"
EndProject
Project("{FAE04EC0-301F-11D3-BF4B-00C04F79EFBC}") = "ProfantiyFilter452", "ProfantiyFilter452\ProfantiyFilter452.csproj", "{D2B12E3F-BCED-4BD8-80CD-8A7FA042025A}"
EndProject
Project("{2150E333-8FDC-42A3-9474-1A3956D46DE8}") = "Notes", "Notes", "{458C5D8F-E42B-42CE-8007-D6C958E6E419}"
	ProjectSection(SolutionItems) = preProject
		notes.txt = notes.txt
	EndProjectSection
EndProject
Project("{FAE04EC0-301F-11D3-BF4B-00C04F79EFBC}") = "Client_Queue", "..\thirdparty\FiveM_Queue\FiveM_Queue\Client_Queue\Client_Queue.csproj", "{4A219325-ABDF-4F0A-A825-B454F96B4A1D}"
EndProject
Project("{2150E333-8FDC-42A3-9474-1A3956D46DE8}") = "FiveMQueue", "FiveMQueue", "{7DD2915A-8D5C-4489-A4B3-863465EB5B27}"
EndProject
Project("{FAE04EC0-301F-11D3-BF4B-00C04F79EFBC}") = "Server_Queue", "..\thirdparty\FiveM_Queue\FiveM_Queue\Server_Queue\Server_Queue.csproj", "{A0D85DA2-D419-46F8-9415-DD080F54AD5B}"
EndProject
Project("{2150E333-8FDC-42A3-9474-1A3956D46DE8}") = "2_ClientResources", "2_ClientResources", "{CD4C2E62-C897-47F2-A14A-CA60F08A42ED}"
EndProject
Project("{2150E333-8FDC-42A3-9474-1A3956D46DE8}") = "2_ServerResources", "2_ServerResources", "{48DAA469-01DC-4A80-A7DA-717F71444A6B}"
EndProject
Project("{FAE04EC0-301F-11D3-BF4B-00C04F79EFBC}") = "Curiosity.Systems.Library", "Curiosity.Systems.Library\Curiosity.Systems.Library.csproj", "{E8A0E780-C0DD-4242-AE9A-3386877BA0E9}"
EndProject
Project("{FAE04EC0-301F-11D3-BF4B-00C04F79EFBC}") = "Curiosity.Core.Server", "Curiosity.Core.Server\Curiosity.Core.Server.csproj", "{15FD70E1-F8BC-4670-A71D-16903BE7295F}"
EndProject
Project("{2150E333-8FDC-42A3-9474-1A3956D46DE8}") = "3_Library", "3_Library", "{094BF0B3-BBB4-4FFB-89C4-51B0C3F7FC58}"
EndProject
Project("{FAE04EC0-301F-11D3-BF4B-00C04F79EFBC}") = "Curiosity.Library.Client", "Curiosity.Library.Client\Curiosity.Library.Client.csproj", "{B4322E07-21AB-40D4-8ADA-BA3263E35B82}"
EndProject
Project("{FAE04EC0-301F-11D3-BF4B-00C04F79EFBC}") = "Curiosity.Core.Client", "Curiosity.Core.Client\Curiosity.Core.Client.csproj", "{017290A2-CE9D-404A-9EB2-B8AF59B3D776}"
EndProject
Project("{2150E333-8FDC-42A3-9474-1A3956D46DE8}") = "MsgPack", "MsgPack", "{36F468ED-485E-4C9C-B468-E3E6019F45BF}"
EndProject
Project("{2150E333-8FDC-42A3-9474-1A3956D46DE8}") = "sl5", "sl5", "{393F577B-3CF4-45FF-8B00-B522C7BDFBDE}"
	ProjectSection(SolutionItems) = preProject
		_Dependancies\client\sl5\MsgPack.dll = _Dependancies\client\sl5\MsgPack.dll
	EndProjectSection
EndProject
Project("{2150E333-8FDC-42A3-9474-1A3956D46DE8}") = "netStandard2.0", "netStandard2.0", "{E210BB47-5B35-4B67-9CD6-73145FC167EB}"
	ProjectSection(SolutionItems) = preProject
		_Dependancies\client\netstandard2.0\MsgPack.dll = _Dependancies\client\netstandard2.0\MsgPack.dll
	EndProjectSection
EndProject
Project("{FAE04EC0-301F-11D3-BF4B-00C04F79EFBC}") = "NativeUI", "..\thirdparty\NativeUI\NativeUI.csproj", "{F3E16ED9-DBF7-4E7B-B04B-9B24B11891D3}"
EndProject
Project("{FAE04EC0-301F-11D3-BF4B-00C04F79EFBC}") = "Curiosity.Racing.Client", "Curiosity.Racing.Client\Curiosity.Racing.Client.csproj", "{43C94E2B-A17F-421D-89D0-47F1EB6197D9}"
EndProject
Project("{2150E333-8FDC-42A3-9474-1A3956D46DE8}") = "_vendor", "_vendor", "{C496E343-4195-426E-917C-F1C60ED2902C}"
EndProject
Project("{2150E333-8FDC-42A3-9474-1A3956D46DE8}") = "Curiosity_v2", "Curiosity_v2", "{1170A2ED-4EA9-4A83-A51C-CA1FAD264F50}"
EndProject
Project("{2150E333-8FDC-42A3-9474-1A3956D46DE8}") = "Curiosity_v3", "Curiosity_v3", "{0ED57BCB-C5A0-468F-80D9-000023F24DE5}"
EndProject
Project("{D954291E-2A0B-460D-934E-DC6B0785DB48}") = "Curiosity.Framework.Shared", "Curiosity.Framework.Shared\Curiosity.Framework.Shared.shproj", "{07185EFC-0D4F-4F96-9F33-053D4DE65A1A}"
EndProject
Project("{9A19103F-16F7-4668-BE54-9A1E7A4F7556}") = "Curiosity.Framework.Server", "Curiosity.Framework.Server\Curiosity.Framework.Server.csproj", "{B5A91B51-37D8-4B0B-A9DB-DBDA468F800B}"
EndProject
Project("{FAE04EC0-301F-11D3-BF4B-00C04F79EFBC}") = "ScaleformUI", "_vendor\ScaleformUI\ScaleformUI_Csharp\ScaleformUI.csproj", "{F5614594-90FD-4F4C-9C68-C9DC90060F8D}"
EndProject
Project("{2150E333-8FDC-42A3-9474-1A3956D46DE8}") = "manups4e", "manups4e", "{3071C9CF-1F86-4F06-BF24-FB1B9EB1DAF9}"
EndProject
Project("{9A19103F-16F7-4668-BE54-9A1E7A4F7556}") = "Perseverance.Discord.Bot", "Perseverance.Discord.Bot\Perseverance.Discord.Bot.csproj", "{E43A9268-8C6E-4068-971E-289B0CF868BC}"
EndProject
Project("{9A19103F-16F7-4668-BE54-9A1E7A4F7556}") = "Curiosity.Framework.Client", "Curiosity.Framework.Client\Curiosity.Framework.Client.csproj", "{384621C9-9A1B-40BB-AA65-60B3F7AC2F88}"
EndProject
Project("{2150E333-8FDC-42A3-9474-1A3956D46DE8}") = "fxEvents", "fxEvents", "{B0B488F9-6297-4BD5-9CB0-F05277F89D90}"
EndProject
Project("{9A19103F-16F7-4668-BE54-9A1E7A4F7556}") = "FxEvents.Client", "_vendor\FxEvents\FxEvents\FxEvents.Client\FxEvents.Client.csproj", "{4F57E7A2-97B7-499B-8F9A-57F0AF74C9AC}"
EndProject
Project("{9A19103F-16F7-4668-BE54-9A1E7A4F7556}") = "FxEvents.Server", "_vendor\FxEvents\FxEvents\FxEvents.Server\FxEvents.Server.csproj", "{BB3AE026-C98A-46AF-BBDC-F12BB8888309}"
EndProject
Global
	GlobalSection(SolutionConfigurationPlatforms) = preSolution
		CLIENT|Any CPU = CLIENT|Any CPU
		Debug|Any CPU = Debug|Any CPU
		Release|Any CPU = Release|Any CPU
		SERVER|Any CPU = SERVER|Any CPU
	EndGlobalSection
	GlobalSection(ProjectConfigurationPlatforms) = postSolution
		{B539301D-A1E5-4F83-8D77-557C853EC742}.CLIENT|Any CPU.ActiveCfg = Debug|Any CPU
		{B539301D-A1E5-4F83-8D77-557C853EC742}.CLIENT|Any CPU.Build.0 = Debug|Any CPU
		{B539301D-A1E5-4F83-8D77-557C853EC742}.Debug|Any CPU.ActiveCfg = Debug|Any CPU
		{B539301D-A1E5-4F83-8D77-557C853EC742}.Debug|Any CPU.Build.0 = Debug|Any CPU
		{B539301D-A1E5-4F83-8D77-557C853EC742}.Release|Any CPU.ActiveCfg = Release|Any CPU
		{B539301D-A1E5-4F83-8D77-557C853EC742}.Release|Any CPU.Build.0 = Release|Any CPU
		{B539301D-A1E5-4F83-8D77-557C853EC742}.SERVER|Any CPU.ActiveCfg = Debug|Any CPU
		{B539301D-A1E5-4F83-8D77-557C853EC742}.SERVER|Any CPU.Build.0 = Debug|Any CPU
		{CF04E9FA-50C4-469A-9619-5ACECE2BE099}.CLIENT|Any CPU.ActiveCfg = Debug|Any CPU
		{CF04E9FA-50C4-469A-9619-5ACECE2BE099}.CLIENT|Any CPU.Build.0 = Debug|Any CPU
		{CF04E9FA-50C4-469A-9619-5ACECE2BE099}.Debug|Any CPU.ActiveCfg = Debug|Any CPU
		{CF04E9FA-50C4-469A-9619-5ACECE2BE099}.Debug|Any CPU.Build.0 = Debug|Any CPU
		{CF04E9FA-50C4-469A-9619-5ACECE2BE099}.Release|Any CPU.ActiveCfg = Release|Any CPU
		{CF04E9FA-50C4-469A-9619-5ACECE2BE099}.Release|Any CPU.Build.0 = Release|Any CPU
		{CF04E9FA-50C4-469A-9619-5ACECE2BE099}.SERVER|Any CPU.ActiveCfg = Debug|Any CPU
		{CF04E9FA-50C4-469A-9619-5ACECE2BE099}.SERVER|Any CPU.Build.0 = Debug|Any CPU
		{D2B12E3F-BCED-4BD8-80CD-8A7FA042025A}.CLIENT|Any CPU.ActiveCfg = Debug|Any CPU
		{D2B12E3F-BCED-4BD8-80CD-8A7FA042025A}.CLIENT|Any CPU.Build.0 = Debug|Any CPU
		{D2B12E3F-BCED-4BD8-80CD-8A7FA042025A}.Debug|Any CPU.ActiveCfg = Debug|Any CPU
		{D2B12E3F-BCED-4BD8-80CD-8A7FA042025A}.Debug|Any CPU.Build.0 = Debug|Any CPU
		{D2B12E3F-BCED-4BD8-80CD-8A7FA042025A}.Release|Any CPU.ActiveCfg = Release|Any CPU
		{D2B12E3F-BCED-4BD8-80CD-8A7FA042025A}.Release|Any CPU.Build.0 = Release|Any CPU
		{D2B12E3F-BCED-4BD8-80CD-8A7FA042025A}.SERVER|Any CPU.ActiveCfg = Debug|Any CPU
		{D2B12E3F-BCED-4BD8-80CD-8A7FA042025A}.SERVER|Any CPU.Build.0 = Debug|Any CPU
		{4A219325-ABDF-4F0A-A825-B454F96B4A1D}.CLIENT|Any CPU.ActiveCfg = Debug|Any CPU
		{4A219325-ABDF-4F0A-A825-B454F96B4A1D}.CLIENT|Any CPU.Build.0 = Debug|Any CPU
		{4A219325-ABDF-4F0A-A825-B454F96B4A1D}.Debug|Any CPU.ActiveCfg = Debug|Any CPU
		{4A219325-ABDF-4F0A-A825-B454F96B4A1D}.Debug|Any CPU.Build.0 = Debug|Any CPU
		{4A219325-ABDF-4F0A-A825-B454F96B4A1D}.Release|Any CPU.ActiveCfg = Release|Any CPU
		{4A219325-ABDF-4F0A-A825-B454F96B4A1D}.Release|Any CPU.Build.0 = Release|Any CPU
		{4A219325-ABDF-4F0A-A825-B454F96B4A1D}.SERVER|Any CPU.ActiveCfg = Debug|Any CPU
		{4A219325-ABDF-4F0A-A825-B454F96B4A1D}.SERVER|Any CPU.Build.0 = Debug|Any CPU
		{A0D85DA2-D419-46F8-9415-DD080F54AD5B}.CLIENT|Any CPU.ActiveCfg = Debug|Any CPU
		{A0D85DA2-D419-46F8-9415-DD080F54AD5B}.CLIENT|Any CPU.Build.0 = Debug|Any CPU
		{A0D85DA2-D419-46F8-9415-DD080F54AD5B}.Debug|Any CPU.ActiveCfg = Debug|Any CPU
		{A0D85DA2-D419-46F8-9415-DD080F54AD5B}.Debug|Any CPU.Build.0 = Debug|Any CPU
		{A0D85DA2-D419-46F8-9415-DD080F54AD5B}.Release|Any CPU.ActiveCfg = Release|Any CPU
		{A0D85DA2-D419-46F8-9415-DD080F54AD5B}.Release|Any CPU.Build.0 = Release|Any CPU
		{A0D85DA2-D419-46F8-9415-DD080F54AD5B}.SERVER|Any CPU.ActiveCfg = Debug|Any CPU
		{A0D85DA2-D419-46F8-9415-DD080F54AD5B}.SERVER|Any CPU.Build.0 = Debug|Any CPU
		{E8A0E780-C0DD-4242-AE9A-3386877BA0E9}.CLIENT|Any CPU.ActiveCfg = Debug|Any CPU
		{E8A0E780-C0DD-4242-AE9A-3386877BA0E9}.CLIENT|Any CPU.Build.0 = Debug|Any CPU
		{E8A0E780-C0DD-4242-AE9A-3386877BA0E9}.Debug|Any CPU.ActiveCfg = Debug|Any CPU
		{E8A0E780-C0DD-4242-AE9A-3386877BA0E9}.Debug|Any CPU.Build.0 = Debug|Any CPU
		{E8A0E780-C0DD-4242-AE9A-3386877BA0E9}.Release|Any CPU.ActiveCfg = Release|Any CPU
		{E8A0E780-C0DD-4242-AE9A-3386877BA0E9}.Release|Any CPU.Build.0 = Release|Any CPU
		{E8A0E780-C0DD-4242-AE9A-3386877BA0E9}.SERVER|Any CPU.ActiveCfg = Debug|Any CPU
		{E8A0E780-C0DD-4242-AE9A-3386877BA0E9}.SERVER|Any CPU.Build.0 = Debug|Any CPU
		{15FD70E1-F8BC-4670-A71D-16903BE7295F}.CLIENT|Any CPU.ActiveCfg = Debug|Any CPU
		{15FD70E1-F8BC-4670-A71D-16903BE7295F}.CLIENT|Any CPU.Build.0 = Debug|Any CPU
		{15FD70E1-F8BC-4670-A71D-16903BE7295F}.Debug|Any CPU.ActiveCfg = Debug|Any CPU
		{15FD70E1-F8BC-4670-A71D-16903BE7295F}.Debug|Any CPU.Build.0 = Debug|Any CPU
		{15FD70E1-F8BC-4670-A71D-16903BE7295F}.Release|Any CPU.ActiveCfg = Release|Any CPU
		{15FD70E1-F8BC-4670-A71D-16903BE7295F}.Release|Any CPU.Build.0 = Release|Any CPU
		{15FD70E1-F8BC-4670-A71D-16903BE7295F}.SERVER|Any CPU.ActiveCfg = Debug|Any CPU
		{15FD70E1-F8BC-4670-A71D-16903BE7295F}.SERVER|Any CPU.Build.0 = Debug|Any CPU
		{B4322E07-21AB-40D4-8ADA-BA3263E35B82}.CLIENT|Any CPU.ActiveCfg = Debug|Any CPU
		{B4322E07-21AB-40D4-8ADA-BA3263E35B82}.CLIENT|Any CPU.Build.0 = Debug|Any CPU
		{B4322E07-21AB-40D4-8ADA-BA3263E35B82}.Debug|Any CPU.ActiveCfg = Debug|Any CPU
		{B4322E07-21AB-40D4-8ADA-BA3263E35B82}.Debug|Any CPU.Build.0 = Debug|Any CPU
		{B4322E07-21AB-40D4-8ADA-BA3263E35B82}.Release|Any CPU.ActiveCfg = Release|Any CPU
		{B4322E07-21AB-40D4-8ADA-BA3263E35B82}.Release|Any CPU.Build.0 = Release|Any CPU
		{B4322E07-21AB-40D4-8ADA-BA3263E35B82}.SERVER|Any CPU.ActiveCfg = Debug|Any CPU
		{B4322E07-21AB-40D4-8ADA-BA3263E35B82}.SERVER|Any CPU.Build.0 = Debug|Any CPU
		{017290A2-CE9D-404A-9EB2-B8AF59B3D776}.CLIENT|Any CPU.ActiveCfg = Debug|Any CPU
		{017290A2-CE9D-404A-9EB2-B8AF59B3D776}.CLIENT|Any CPU.Build.0 = Debug|Any CPU
		{017290A2-CE9D-404A-9EB2-B8AF59B3D776}.Debug|Any CPU.ActiveCfg = Debug|Any CPU
		{017290A2-CE9D-404A-9EB2-B8AF59B3D776}.Debug|Any CPU.Build.0 = Debug|Any CPU
		{017290A2-CE9D-404A-9EB2-B8AF59B3D776}.Release|Any CPU.ActiveCfg = Release|Any CPU
		{017290A2-CE9D-404A-9EB2-B8AF59B3D776}.Release|Any CPU.Build.0 = Release|Any CPU
		{017290A2-CE9D-404A-9EB2-B8AF59B3D776}.SERVER|Any CPU.ActiveCfg = Debug|Any CPU
		{017290A2-CE9D-404A-9EB2-B8AF59B3D776}.SERVER|Any CPU.Build.0 = Debug|Any CPU
		{F3E16ED9-DBF7-4E7B-B04B-9B24B11891D3}.CLIENT|Any CPU.ActiveCfg = Debug|Any CPU
		{F3E16ED9-DBF7-4E7B-B04B-9B24B11891D3}.CLIENT|Any CPU.Build.0 = Debug|Any CPU
		{F3E16ED9-DBF7-4E7B-B04B-9B24B11891D3}.Debug|Any CPU.ActiveCfg = Debug|Any CPU
		{F3E16ED9-DBF7-4E7B-B04B-9B24B11891D3}.Debug|Any CPU.Build.0 = Debug|Any CPU
		{F3E16ED9-DBF7-4E7B-B04B-9B24B11891D3}.Release|Any CPU.ActiveCfg = Release|Any CPU
		{F3E16ED9-DBF7-4E7B-B04B-9B24B11891D3}.Release|Any CPU.Build.0 = Release|Any CPU
		{F3E16ED9-DBF7-4E7B-B04B-9B24B11891D3}.SERVER|Any CPU.ActiveCfg = Debug|Any CPU
		{F3E16ED9-DBF7-4E7B-B04B-9B24B11891D3}.SERVER|Any CPU.Build.0 = Debug|Any CPU
		{43C94E2B-A17F-421D-89D0-47F1EB6197D9}.CLIENT|Any CPU.ActiveCfg = Debug|Any CPU
		{43C94E2B-A17F-421D-89D0-47F1EB6197D9}.CLIENT|Any CPU.Build.0 = Debug|Any CPU
		{43C94E2B-A17F-421D-89D0-47F1EB6197D9}.Debug|Any CPU.ActiveCfg = Debug|Any CPU
		{43C94E2B-A17F-421D-89D0-47F1EB6197D9}.Debug|Any CPU.Build.0 = Debug|Any CPU
		{43C94E2B-A17F-421D-89D0-47F1EB6197D9}.Release|Any CPU.ActiveCfg = Release|Any CPU
		{43C94E2B-A17F-421D-89D0-47F1EB6197D9}.Release|Any CPU.Build.0 = Release|Any CPU
		{43C94E2B-A17F-421D-89D0-47F1EB6197D9}.SERVER|Any CPU.ActiveCfg = Debug|Any CPU
		{43C94E2B-A17F-421D-89D0-47F1EB6197D9}.SERVER|Any CPU.Build.0 = Debug|Any CPU
		{B5A91B51-37D8-4B0B-A9DB-DBDA468F800B}.CLIENT|Any CPU.ActiveCfg = SERVER|Any CPU
		{B5A91B51-37D8-4B0B-A9DB-DBDA468F800B}.CLIENT|Any CPU.Build.0 = SERVER|Any CPU
		{B5A91B51-37D8-4B0B-A9DB-DBDA468F800B}.Debug|Any CPU.ActiveCfg = SERVER|Any CPU
		{B5A91B51-37D8-4B0B-A9DB-DBDA468F800B}.Debug|Any CPU.Build.0 = SERVER|Any CPU
		{B5A91B51-37D8-4B0B-A9DB-DBDA468F800B}.Release|Any CPU.ActiveCfg = Release|Any CPU
		{B5A91B51-37D8-4B0B-A9DB-DBDA468F800B}.Release|Any CPU.Build.0 = Release|Any CPU
		{B5A91B51-37D8-4B0B-A9DB-DBDA468F800B}.SERVER|Any CPU.ActiveCfg = SERVER|Any CPU
		{B5A91B51-37D8-4B0B-A9DB-DBDA468F800B}.SERVER|Any CPU.Build.0 = SERVER|Any CPU
		{F5614594-90FD-4F4C-9C68-C9DC90060F8D}.CLIENT|Any CPU.ActiveCfg = Debug|Any CPU
		{F5614594-90FD-4F4C-9C68-C9DC90060F8D}.CLIENT|Any CPU.Build.0 = Debug|Any CPU
		{F5614594-90FD-4F4C-9C68-C9DC90060F8D}.Debug|Any CPU.ActiveCfg = Debug|Any CPU
		{F5614594-90FD-4F4C-9C68-C9DC90060F8D}.Debug|Any CPU.Build.0 = Debug|Any CPU
		{F5614594-90FD-4F4C-9C68-C9DC90060F8D}.Release|Any CPU.ActiveCfg = Release|Any CPU
		{F5614594-90FD-4F4C-9C68-C9DC90060F8D}.Release|Any CPU.Build.0 = Release|Any CPU
		{F5614594-90FD-4F4C-9C68-C9DC90060F8D}.SERVER|Any CPU.ActiveCfg = Debug|Any CPU
		{F5614594-90FD-4F4C-9C68-C9DC90060F8D}.SERVER|Any CPU.Build.0 = Debug|Any CPU
		{E43A9268-8C6E-4068-971E-289B0CF868BC}.CLIENT|Any CPU.ActiveCfg = Debug|Any CPU
		{E43A9268-8C6E-4068-971E-289B0CF868BC}.CLIENT|Any CPU.Build.0 = Debug|Any CPU
		{E43A9268-8C6E-4068-971E-289B0CF868BC}.Debug|Any CPU.ActiveCfg = Debug|Any CPU
		{E43A9268-8C6E-4068-971E-289B0CF868BC}.Debug|Any CPU.Build.0 = Debug|Any CPU
		{E43A9268-8C6E-4068-971E-289B0CF868BC}.Release|Any CPU.ActiveCfg = Release|Any CPU
		{E43A9268-8C6E-4068-971E-289B0CF868BC}.Release|Any CPU.Build.0 = Release|Any CPU
		{E43A9268-8C6E-4068-971E-289B0CF868BC}.SERVER|Any CPU.ActiveCfg = Debug|Any CPU
		{E43A9268-8C6E-4068-971E-289B0CF868BC}.SERVER|Any CPU.Build.0 = Debug|Any CPU
		{384621C9-9A1B-40BB-AA65-60B3F7AC2F88}.CLIENT|Any CPU.ActiveCfg = CLIENT|Any CPU
		{384621C9-9A1B-40BB-AA65-60B3F7AC2F88}.CLIENT|Any CPU.Build.0 = CLIENT|Any CPU
		{384621C9-9A1B-40BB-AA65-60B3F7AC2F88}.Debug|Any CPU.ActiveCfg = Debug|Any CPU
		{384621C9-9A1B-40BB-AA65-60B3F7AC2F88}.Debug|Any CPU.Build.0 = Debug|Any CPU
		{384621C9-9A1B-40BB-AA65-60B3F7AC2F88}.Release|Any CPU.ActiveCfg = Release|Any CPU
		{384621C9-9A1B-40BB-AA65-60B3F7AC2F88}.Release|Any CPU.Build.0 = Release|Any CPU
		{384621C9-9A1B-40BB-AA65-60B3F7AC2F88}.SERVER|Any CPU.ActiveCfg = Debug|Any CPU
		{384621C9-9A1B-40BB-AA65-60B3F7AC2F88}.SERVER|Any CPU.Build.0 = Debug|Any CPU
		{4F57E7A2-97B7-499B-8F9A-57F0AF74C9AC}.CLIENT|Any CPU.ActiveCfg = Release FiveM|Any CPU
		{4F57E7A2-97B7-499B-8F9A-57F0AF74C9AC}.CLIENT|Any CPU.Build.0 = Release FiveM|Any CPU
		{4F57E7A2-97B7-499B-8F9A-57F0AF74C9AC}.Debug|Any CPU.ActiveCfg = Debug|Any CPU
		{4F57E7A2-97B7-499B-8F9A-57F0AF74C9AC}.Debug|Any CPU.Build.0 = Debug|Any CPU
		{4F57E7A2-97B7-499B-8F9A-57F0AF74C9AC}.Release|Any CPU.ActiveCfg = Release|Any CPU
		{4F57E7A2-97B7-499B-8F9A-57F0AF74C9AC}.Release|Any CPU.Build.0 = Release|Any CPU
		{4F57E7A2-97B7-499B-8F9A-57F0AF74C9AC}.SERVER|Any CPU.ActiveCfg = Debug|Any CPU
		{4F57E7A2-97B7-499B-8F9A-57F0AF74C9AC}.SERVER|Any CPU.Build.0 = Debug|Any CPU
		{BB3AE026-C98A-46AF-BBDC-F12BB8888309}.CLIENT|Any CPU.ActiveCfg = Release|Any CPU
		{BB3AE026-C98A-46AF-BBDC-F12BB8888309}.CLIENT|Any CPU.Build.0 = Release|Any CPU
		{BB3AE026-C98A-46AF-BBDC-F12BB8888309}.Debug|Any CPU.ActiveCfg = Debug|Any CPU
		{BB3AE026-C98A-46AF-BBDC-F12BB8888309}.Debug|Any CPU.Build.0 = Debug|Any CPU
		{BB3AE026-C98A-46AF-BBDC-F12BB8888309}.Release|Any CPU.ActiveCfg = Release|Any CPU
		{BB3AE026-C98A-46AF-BBDC-F12BB8888309}.Release|Any CPU.Build.0 = Release|Any CPU
		{BB3AE026-C98A-46AF-BBDC-F12BB8888309}.SERVER|Any CPU.ActiveCfg = Debug|Any CPU
		{BB3AE026-C98A-46AF-BBDC-F12BB8888309}.SERVER|Any CPU.Build.0 = Debug|Any CPU
	EndGlobalSection
	GlobalSection(SolutionProperties) = preSolution
		HideSolutionNode = FALSE
	EndGlobalSection
	GlobalSection(NestedProjects) = preSolution
		{EF02F259-FF7B-41FB-8B0C-6A72DD1441E6} = {D9F07760-D804-47DE-98A7-BC5E47182A47}
		{6CA7B9F3-882C-42D2-B81B-9D7AAA6C4B46} = {D9F07760-D804-47DE-98A7-BC5E47182A47}
		{5AE38E6D-71AE-4964-AC70-D530AF1E97A5} = {6CA7B9F3-882C-42D2-B81B-9D7AAA6C4B46}
		{B539301D-A1E5-4F83-8D77-557C853EC742} = {B408851E-C7C4-4CF2-B9C2-D7762399DE8C}
		{CF04E9FA-50C4-469A-9619-5ACECE2BE099} = {66CABDB7-46FF-4765-9C20-99EDC8282923}
		{D2B12E3F-BCED-4BD8-80CD-8A7FA042025A} = {66CABDB7-46FF-4765-9C20-99EDC8282923}
		{4A219325-ABDF-4F0A-A825-B454F96B4A1D} = {7DD2915A-8D5C-4489-A4B3-863465EB5B27}
		{7DD2915A-8D5C-4489-A4B3-863465EB5B27} = {66CABDB7-46FF-4765-9C20-99EDC8282923}
		{A0D85DA2-D419-46F8-9415-DD080F54AD5B} = {7DD2915A-8D5C-4489-A4B3-863465EB5B27}
		{CD4C2E62-C897-47F2-A14A-CA60F08A42ED} = {1170A2ED-4EA9-4A83-A51C-CA1FAD264F50}
		{48DAA469-01DC-4A80-A7DA-717F71444A6B} = {1170A2ED-4EA9-4A83-A51C-CA1FAD264F50}
		{E8A0E780-C0DD-4242-AE9A-3386877BA0E9} = {094BF0B3-BBB4-4FFB-89C4-51B0C3F7FC58}
		{15FD70E1-F8BC-4670-A71D-16903BE7295F} = {48DAA469-01DC-4A80-A7DA-717F71444A6B}
		{094BF0B3-BBB4-4FFB-89C4-51B0C3F7FC58} = {1170A2ED-4EA9-4A83-A51C-CA1FAD264F50}
		{B4322E07-21AB-40D4-8ADA-BA3263E35B82} = {094BF0B3-BBB4-4FFB-89C4-51B0C3F7FC58}
		{017290A2-CE9D-404A-9EB2-B8AF59B3D776} = {CD4C2E62-C897-47F2-A14A-CA60F08A42ED}
		{36F468ED-485E-4C9C-B468-E3E6019F45BF} = {EF02F259-FF7B-41FB-8B0C-6A72DD1441E6}
		{393F577B-3CF4-45FF-8B00-B522C7BDFBDE} = {36F468ED-485E-4C9C-B468-E3E6019F45BF}
		{E210BB47-5B35-4B67-9CD6-73145FC167EB} = {36F468ED-485E-4C9C-B468-E3E6019F45BF}
		{F3E16ED9-DBF7-4E7B-B04B-9B24B11891D3} = {66CABDB7-46FF-4765-9C20-99EDC8282923}
		{43C94E2B-A17F-421D-89D0-47F1EB6197D9} = {CD4C2E62-C897-47F2-A14A-CA60F08A42ED}
		{07185EFC-0D4F-4F96-9F33-053D4DE65A1A} = {0ED57BCB-C5A0-468F-80D9-000023F24DE5}
		{B5A91B51-37D8-4B0B-A9DB-DBDA468F800B} = {0ED57BCB-C5A0-468F-80D9-000023F24DE5}
		{F5614594-90FD-4F4C-9C68-C9DC90060F8D} = {3071C9CF-1F86-4F06-BF24-FB1B9EB1DAF9}
		{3071C9CF-1F86-4F06-BF24-FB1B9EB1DAF9} = {C496E343-4195-426E-917C-F1C60ED2902C}
		{E43A9268-8C6E-4068-971E-289B0CF868BC} = {B408851E-C7C4-4CF2-B9C2-D7762399DE8C}
		{384621C9-9A1B-40BB-AA65-60B3F7AC2F88} = {0ED57BCB-C5A0-468F-80D9-000023F24DE5}
		{B0B488F9-6297-4BD5-9CB0-F05277F89D90} = {3071C9CF-1F86-4F06-BF24-FB1B9EB1DAF9}
		{4F57E7A2-97B7-499B-8F9A-57F0AF74C9AC} = {B0B488F9-6297-4BD5-9CB0-F05277F89D90}
		{BB3AE026-C98A-46AF-BBDC-F12BB8888309} = {B0B488F9-6297-4BD5-9CB0-F05277F89D90}
	EndGlobalSection
	GlobalSection(ExtensibilityGlobals) = postSolution
		SolutionGuid = {A6BF9D65-8D38-41F5-A66B-FA70A9948BA6}
	EndGlobalSection
	GlobalSection(SharedMSBuildProjectFiles) = preSolution
		Curiosity.Framework.Shared\Curiosity.Framework.Shared.projitems*{07185efc-0d4f-4f96-9f33-053d4de65a1a}*SharedItemsImports = 13
		Curiosity.Framework.Shared\Curiosity.Framework.Shared.projitems*{384621c9-9a1b-40bb-aa65-60b3f7ac2f88}*SharedItemsImports = 5
		Curiosity.Framework.Shared\Curiosity.Framework.Shared.projitems*{b5a91b51-37d8-4b0b-a9db-dbda468f800b}*SharedItemsImports = 5
	EndGlobalSection
EndGlobal
